
Microsoft Visual Studio Solution File, Format Version 12.00
# Visual Studio Version 17
VisualStudioVersion = 17.6.33829.357
MinimumVisualStudioVersion = 10.0.40219.1
Project("{FAE04EC0-301F-11D3-BF4B-00C04F79EFBC}") = "ByteBank", "ByteBank\ByteBank.csproj", "{52C8720F-0E07-4CA0-8923-DDF0145ED7CB}"
EndProject
Global
	GlobalSection(SolutionConfigurationPlatforms) = preSolution
		Debug|Any CPU = Debug|Any CPU
		Release|Any CPU = Release|Any CPU
	EndGlobalSection
	GlobalSection(ProjectConfigurationPlatforms) = postSolution
		{52C8720F-0E07-4CA0-8923-DDF0145ED7CB}.Debug|Any CPU.ActiveCfg = Debug|Any CPU
		{52C8720F-0E07-4CA0-8923-DDF0145ED7CB}.Debug|Any CPU.Build.0 = Debug|Any CPU
		{52C8720F-0E07-4CA0-8923-DDF0145ED7CB}.Release|Any CPU.ActiveCfg = Release|Any CPU
		{52C8720F-0E07-4CA0-8923-DDF0145ED7CB}.Release|Any CPU.Build.0 = Release|Any CPU
	EndGlobalSection
	GlobalSection(SolutionProperties) = preSolution
		HideSolutionNode = FALSE
	EndGlobalSection
	GlobalSection(ExtensibilityGlobals) = postSolution
		SolutionGuid = {FB32316C-46B6-4FE5-AB48-2E29EFDBC3A8}
	EndGlobalSection
EndGlobal
